// !$*UTF8*$!
{
	archiveVersion = 1;
	classes = {
	};
	objectVersion = 48;
	objects = {

/* Begin PBXBuildFile section */
		9A1785D01FFF88CB00009515 /* TwitterKit.framework in Frameworks */ = {isa = PBXBuildFile; fileRef = 9A1785CD1FFF88CA00009515 /* TwitterKit.framework */; };
		9A2C80831FFCF99400D8CC7B /* AppDelegate.swift in Sources */ = {isa = PBXBuildFile; fileRef = 9A2C80821FFCF99400D8CC7B /* AppDelegate.swift */; };
		9A2C80881FFCF99400D8CC7B /* Main.storyboard in Resources */ = {isa = PBXBuildFile; fileRef = 9A2C80861FFCF99400D8CC7B /* Main.storyboard */; };
		9A2C808A1FFCF99400D8CC7B /* Assets.xcassets in Resources */ = {isa = PBXBuildFile; fileRef = 9A2C80891FFCF99400D8CC7B /* Assets.xcassets */; };
		9A2C808D1FFCF99400D8CC7B /* LaunchScreen.storyboard in Resources */ = {isa = PBXBuildFile; fileRef = 9A2C808B1FFCF99400D8CC7B /* LaunchScreen.storyboard */; };
		9A2C809D1FFE3AA100D8CC7B /* Swinject.framework in Frameworks */ = {isa = PBXBuildFile; fileRef = 9A2C80961FFE3AA100D8CC7B /* Swinject.framework */; };
		9A2C809E1FFE3AA100D8CC7B /* XLPagerTabStrip.framework in Frameworks */ = {isa = PBXBuildFile; fileRef = 9A2C80971FFE3AA100D8CC7B /* XLPagerTabStrip.framework */; };
		9A2C809F1FFE3AA100D8CC7B /* RxSwift.framework in Frameworks */ = {isa = PBXBuildFile; fileRef = 9A2C80981FFE3AA100D8CC7B /* RxSwift.framework */; };
		9A2C80A01FFE3AA100D8CC7B /* RxCocoa.framework in Frameworks */ = {isa = PBXBuildFile; fileRef = 9A2C80991FFE3AA100D8CC7B /* RxCocoa.framework */; };
		9A2C80A21FFE3AA100D8CC7B /* SwinjectStoryboard.framework in Frameworks */ = {isa = PBXBuildFile; fileRef = 9A2C809B1FFE3AA100D8CC7B /* SwinjectStoryboard.framework */; };
		9A2C80A31FFE3AA100D8CC7B /* RxBlocking.framework in Frameworks */ = {isa = PBXBuildFile; fileRef = 9A2C809C1FFE3AA100D8CC7B /* RxBlocking.framework */; };
		9A9DB8DA20071352008E1AD1 /* TimelineCell.xib in Resources */ = {isa = PBXBuildFile; fileRef = 9A9DB8D920071352008E1AD1 /* TimelineCell.xib */; };
		9AF1D3372000E4470056DD6E /* Twitter.plist in Resources */ = {isa = PBXBuildFile; fileRef = 9AF1D3362000E4470056DD6E /* Twitter.plist */; };
		9AF1D3382000F2330056DD6E /* TwitterShareExtensionUI.framework in Frameworks */ = {isa = PBXBuildFile; fileRef = 9A1785CF1FFF88CB00009515 /* TwitterShareExtensionUI.framework */; };
		9AF1D33A200382D10056DD6E /* Alamofire.framework in Frameworks */ = {isa = PBXBuildFile; fileRef = 9AF1D339200382D10056DD6E /* Alamofire.framework */; };
		9AF1D33C2004F3F00056DD6E /* SwiftyJSON.framework in Frameworks */ = {isa = PBXBuildFile; fileRef = 9AF1D33B2004F3F00056DD6E /* SwiftyJSON.framework */; };
		9AF1D33F200650F60056DD6E /* Timeline.storyboard in Resources */ = {isa = PBXBuildFile; fileRef = 9AF1D33E200650F60056DD6E /* Timeline.storyboard */; };
		9AF1D341200B3DEC0056DD6E /* ESPullToRefresh.framework in Frameworks */ = {isa = PBXBuildFile; fileRef = 9AF1D340200B3DEC0056DD6E /* ESPullToRefresh.framework */; };
		B582F0357627BDAC0AF805DC /* TwitterApiClient.swift in Sources */ = {isa = PBXBuildFile; fileRef = B582FD06D228BDF332887FA6 /* TwitterApiClient.swift */; };
		B582F07103AA91DC3563C532 /* TwitterKitSessionRepository.swift in Sources */ = {isa = PBXBuildFile; fileRef = B582F0DA204B07939136B89B /* TwitterKitSessionRepository.swift */; };
		B582F163128A28BF80FB8F66 /* TimelineViewModel.swift in Sources */ = {isa = PBXBuildFile; fileRef = B582F0B4DDE6A53A9DDA8954 /* TimelineViewModel.swift */; };
		B582F1C69DB93CA4478D8132 /* ConsumerKeyPair.swift in Sources */ = {isa = PBXBuildFile; fileRef = B582F11BA5C1EF560E3AE9C1 /* ConsumerKeyPair.swift */; };
		B582F258F969ACB22AF56579 /* TwitterKitTweetRepository.swift in Sources */ = {isa = PBXBuildFile; fileRef = B582FA68611CB81802B0DAA9 /* TwitterKitTweetRepository.swift */; };
		B582F3975960B35AD1FB59D8 /* LoginUseCase.swift in Sources */ = {isa = PBXBuildFile; fileRef = B582F5F37681FADE35D0BC7C /* LoginUseCase.swift */; };
		B582F496B2BDBA8BAFA27739 /* TimelineCell.swift in Sources */ = {isa = PBXBuildFile; fileRef = B582F6E98576382F278A2E56 /* TimelineCell.swift */; };
		B582F497CC511304078845DE /* TimelineViewController.swift in Sources */ = {isa = PBXBuildFile; fileRef = B582F48E239E3068129B9BBE /* TimelineViewController.swift */; };
		B582F509AF5C4CE0B610D615 /* Tweet.swift in Sources */ = {isa = PBXBuildFile; fileRef = B582F0E054FF7666B673E0E6 /* Tweet.swift */; };
		B582F6592FA283593A6E8EDC /* SessionRepository.swift in Sources */ = {isa = PBXBuildFile; fileRef = B582F2A3AD98F2E8F1900EC0 /* SessionRepository.swift */; };
		B582F700EEA967BC0D7BBBA0 /* LikeTweetUseCase.swift in Sources */ = {isa = PBXBuildFile; fileRef = B582FCEDA498EFCD2B13B42E /* LikeTweetUseCase.swift */; };
		B582F7526C470865E187F1E3 /* Session.swift in Sources */ = {isa = PBXBuildFile; fileRef = B582FCF676674105E3BFDB85 /* Session.swift */; };
		B582F78D461579AF3A5A50D5 /* TwitterMapper.swift in Sources */ = {isa = PBXBuildFile; fileRef = B582FEDE4798933B0D9D1934 /* TwitterMapper.swift */; };
		B582F8B3104F3B4EE8E9A3E4 /* GetLatestTweetsUseCase.swift in Sources */ = {isa = PBXBuildFile; fileRef = B582F850B30406F718880BC2 /* GetLatestTweetsUseCase.swift */; };
		B582F9C6CAAD270C1BB6CA19 /* DependencyRegistry.swift in Sources */ = {isa = PBXBuildFile; fileRef = B582F164E149664B8CFC1142 /* DependencyRegistry.swift */; };
		B582FA860C1EAB578072E30E /* TweetRepository.swift in Sources */ = {isa = PBXBuildFile; fileRef = B582F0EAAB5B464608A506E3 /* TweetRepository.swift */; };
		B582FC8123D12F7AF5950AA2 /* GetHomeTimelineUseCase.swift in Sources */ = {isa = PBXBuildFile; fileRef = B582F01492F8BFDF9C3A4E26 /* GetHomeTimelineUseCase.swift */; };
		B582FCC76FE2F91F6F4CDDB4 /* User.swift in Sources */ = {isa = PBXBuildFile; fileRef = B582FA5749D5E90724741FFD /* User.swift */; };
		B582FED62031D5CA399634BF /* Tweets.swift in Sources */ = {isa = PBXBuildFile; fileRef = B582FCA0BB5E787C93B1B197 /* Tweets.swift */; };
		B582FF83D6CCE82BF7E26B3F /* TimelineDataSource.swift in Sources */ = {isa = PBXBuildFile; fileRef = B582FC68704FA6CBC3A142C6 /* TimelineDataSource.swift */; };
/* End PBXBuildFile section */

/* Begin PBXFileReference section */
		9A1785CD1FFF88CA00009515 /* TwitterKit.framework */ = {isa = PBXFileReference; lastKnownFileType = wrapper.framework; name = TwitterKit.framework; path = Carthage/Build/iOS/TwitterKit.framework; sourceTree = "<group>"; };
		9A1785CE1FFF88CA00009515 /* TwitterCore.framework */ = {isa = PBXFileReference; lastKnownFileType = wrapper.framework; name = TwitterCore.framework; path = Carthage/Build/iOS/TwitterCore.framework; sourceTree = "<group>"; };
		9A1785CF1FFF88CB00009515 /* TwitterShareExtensionUI.framework */ = {isa = PBXFileReference; lastKnownFileType = wrapper.framework; name = TwitterShareExtensionUI.framework; path = Carthage/Build/iOS/TwitterShareExtensionUI.framework; sourceTree = "<group>"; };
		9A2C807F1FFCF99400D8CC7B /* MyTwitterClient.app */ = {isa = PBXFileReference; explicitFileType = wrapper.application; includeInIndex = 0; path = MyTwitterClient.app; sourceTree = BUILT_PRODUCTS_DIR; };
		9A2C80821FFCF99400D8CC7B /* AppDelegate.swift */ = {isa = PBXFileReference; lastKnownFileType = sourcecode.swift; path = AppDelegate.swift; sourceTree = "<group>"; };
		9A2C80871FFCF99400D8CC7B /* Base */ = {isa = PBXFileReference; lastKnownFileType = file.storyboard; name = Base; path = Base.lproj/Main.storyboard; sourceTree = "<group>"; };
		9A2C80891FFCF99400D8CC7B /* Assets.xcassets */ = {isa = PBXFileReference; lastKnownFileType = folder.assetcatalog; path = Assets.xcassets; sourceTree = "<group>"; };
		9A2C808C1FFCF99400D8CC7B /* Base */ = {isa = PBXFileReference; lastKnownFileType = file.storyboard; name = Base; path = Base.lproj/LaunchScreen.storyboard; sourceTree = "<group>"; };
		9A2C808E1FFCF99400D8CC7B /* Info.plist */ = {isa = PBXFileReference; lastKnownFileType = text.plist.xml; path = Info.plist; sourceTree = "<group>"; };
		9A2C80961FFE3AA100D8CC7B /* Swinject.framework */ = {isa = PBXFileReference; lastKnownFileType = wrapper.framework; name = Swinject.framework; path = Carthage/Build/iOS/Swinject.framework; sourceTree = "<group>"; };
		9A2C80971FFE3AA100D8CC7B /* XLPagerTabStrip.framework */ = {isa = PBXFileReference; lastKnownFileType = wrapper.framework; name = XLPagerTabStrip.framework; path = Carthage/Build/iOS/XLPagerTabStrip.framework; sourceTree = "<group>"; };
		9A2C80981FFE3AA100D8CC7B /* RxSwift.framework */ = {isa = PBXFileReference; lastKnownFileType = wrapper.framework; name = RxSwift.framework; path = Carthage/Build/iOS/RxSwift.framework; sourceTree = "<group>"; };
		9A2C80991FFE3AA100D8CC7B /* RxCocoa.framework */ = {isa = PBXFileReference; lastKnownFileType = wrapper.framework; name = RxCocoa.framework; path = Carthage/Build/iOS/RxCocoa.framework; sourceTree = "<group>"; };
		9A2C809A1FFE3AA100D8CC7B /* RxTest.framework */ = {isa = PBXFileReference; lastKnownFileType = wrapper.framework; name = RxTest.framework; path = Carthage/Build/iOS/RxTest.framework; sourceTree = "<group>"; };
		9A2C809B1FFE3AA100D8CC7B /* SwinjectStoryboard.framework */ = {isa = PBXFileReference; lastKnownFileType = wrapper.framework; name = SwinjectStoryboard.framework; path = Carthage/Build/iOS/SwinjectStoryboard.framework; sourceTree = "<group>"; };
		9A2C809C1FFE3AA100D8CC7B /* RxBlocking.framework */ = {isa = PBXFileReference; lastKnownFileType = wrapper.framework; name = RxBlocking.framework; path = Carthage/Build/iOS/RxBlocking.framework; sourceTree = "<group>"; };
		9A9DB8D920071352008E1AD1 /* TimelineCell.xib */ = {isa = PBXFileReference; lastKnownFileType = file.xib; path = TimelineCell.xib; sourceTree = "<group>"; };
		9AF1D3362000E4470056DD6E /* Twitter.plist */ = {isa = PBXFileReference; lastKnownFileType = text.plist.xml; path = Twitter.plist; sourceTree = "<group>"; };
		9AF1D339200382D10056DD6E /* Alamofire.framework */ = {isa = PBXFileReference; lastKnownFileType = wrapper.framework; name = Alamofire.framework; path = Carthage/Build/iOS/Alamofire.framework; sourceTree = "<group>"; };
		9AF1D33B2004F3F00056DD6E /* SwiftyJSON.framework */ = {isa = PBXFileReference; lastKnownFileType = wrapper.framework; name = SwiftyJSON.framework; path = Carthage/Build/iOS/SwiftyJSON.framework; sourceTree = "<group>"; };
		9AF1D33E200650F60056DD6E /* Timeline.storyboard */ = {isa = PBXFileReference; lastKnownFileType = file.storyboard; path = Timeline.storyboard; sourceTree = "<group>"; };
		9AF1D340200B3DEC0056DD6E /* ESPullToRefresh.framework */ = {isa = PBXFileReference; lastKnownFileType = wrapper.framework; name = ESPullToRefresh.framework; path = Carthage/Build/iOS/ESPullToRefresh.framework; sourceTree = "<group>"; };
		B582F01492F8BFDF9C3A4E26 /* GetHomeTimelineUseCase.swift */ = {isa = PBXFileReference; fileEncoding = 4; lastKnownFileType = sourcecode.swift; path = GetHomeTimelineUseCase.swift; sourceTree = "<group>"; };
		B582F0B4DDE6A53A9DDA8954 /* TimelineViewModel.swift */ = {isa = PBXFileReference; fileEncoding = 4; lastKnownFileType = sourcecode.swift; path = TimelineViewModel.swift; sourceTree = "<group>"; };
		B582F0DA204B07939136B89B /* TwitterKitSessionRepository.swift */ = {isa = PBXFileReference; fileEncoding = 4; lastKnownFileType = sourcecode.swift; path = TwitterKitSessionRepository.swift; sourceTree = "<group>"; };
		B582F0E054FF7666B673E0E6 /* Tweet.swift */ = {isa = PBXFileReference; fileEncoding = 4; lastKnownFileType = sourcecode.swift; path = Tweet.swift; sourceTree = "<group>"; };
		B582F0EAAB5B464608A506E3 /* TweetRepository.swift */ = {isa = PBXFileReference; fileEncoding = 4; lastKnownFileType = sourcecode.swift; path = TweetRepository.swift; sourceTree = "<group>"; };
		B582F11BA5C1EF560E3AE9C1 /* ConsumerKeyPair.swift */ = {isa = PBXFileReference; fileEncoding = 4; lastKnownFileType = sourcecode.swift; path = ConsumerKeyPair.swift; sourceTree = "<group>"; };
		B582F164E149664B8CFC1142 /* DependencyRegistry.swift */ = {isa = PBXFileReference; fileEncoding = 4; lastKnownFileType = sourcecode.swift; path = DependencyRegistry.swift; sourceTree = "<group>"; };
		B582F2A3AD98F2E8F1900EC0 /* SessionRepository.swift */ = {isa = PBXFileReference; fileEncoding = 4; lastKnownFileType = sourcecode.swift; path = SessionRepository.swift; sourceTree = "<group>"; };
		B582F48E239E3068129B9BBE /* TimelineViewController.swift */ = {isa = PBXFileReference; fileEncoding = 4; lastKnownFileType = sourcecode.swift; path = TimelineViewController.swift; sourceTree = "<group>"; };
		B582F5F37681FADE35D0BC7C /* LoginUseCase.swift */ = {isa = PBXFileReference; fileEncoding = 4; lastKnownFileType = sourcecode.swift; path = LoginUseCase.swift; sourceTree = "<group>"; };
		B582F6E98576382F278A2E56 /* TimelineCell.swift */ = {isa = PBXFileReference; fileEncoding = 4; lastKnownFileType = sourcecode.swift; path = TimelineCell.swift; sourceTree = "<group>"; };
		B582F850B30406F718880BC2 /* GetLatestTweetsUseCase.swift */ = {isa = PBXFileReference; fileEncoding = 4; lastKnownFileType = sourcecode.swift; path = GetLatestTweetsUseCase.swift; sourceTree = "<group>"; };
		B582FA5749D5E90724741FFD /* User.swift */ = {isa = PBXFileReference; fileEncoding = 4; lastKnownFileType = sourcecode.swift; path = User.swift; sourceTree = "<group>"; };
		B582FA68611CB81802B0DAA9 /* TwitterKitTweetRepository.swift */ = {isa = PBXFileReference; fileEncoding = 4; lastKnownFileType = sourcecode.swift; path = TwitterKitTweetRepository.swift; sourceTree = "<group>"; };
		B582FC68704FA6CBC3A142C6 /* TimelineDataSource.swift */ = {isa = PBXFileReference; fileEncoding = 4; lastKnownFileType = sourcecode.swift; path = TimelineDataSource.swift; sourceTree = "<group>"; };
		B582FCA0BB5E787C93B1B197 /* Tweets.swift */ = {isa = PBXFileReference; fileEncoding = 4; lastKnownFileType = sourcecode.swift; path = Tweets.swift; sourceTree = "<group>"; };
		B582FCEDA498EFCD2B13B42E /* LikeTweetUseCase.swift */ = {isa = PBXFileReference; fileEncoding = 4; lastKnownFileType = sourcecode.swift; path = LikeTweetUseCase.swift; sourceTree = "<group>"; };
		B582FCF676674105E3BFDB85 /* Session.swift */ = {isa = PBXFileReference; fileEncoding = 4; lastKnownFileType = sourcecode.swift; path = Session.swift; sourceTree = "<group>"; };
		B582FD06D228BDF332887FA6 /* TwitterApiClient.swift */ = {isa = PBXFileReference; fileEncoding = 4; lastKnownFileType = sourcecode.swift; path = TwitterApiClient.swift; sourceTree = "<group>"; };
		B582FEDE4798933B0D9D1934 /* TwitterMapper.swift */ = {isa = PBXFileReference; fileEncoding = 4; lastKnownFileType = sourcecode.swift; path = TwitterMapper.swift; sourceTree = "<group>"; };
/* End PBXFileReference section */

/* Begin PBXFrameworksBuildPhase section */
		9A2C807C1FFCF99400D8CC7B /* Frameworks */ = {
			isa = PBXFrameworksBuildPhase;
			buildActionMask = 2147483647;
			files = (
				9A2C809D1FFE3AA100D8CC7B /* Swinject.framework in Frameworks */,
				9A2C809E1FFE3AA100D8CC7B /* XLPagerTabStrip.framework in Frameworks */,
				9A2C809F1FFE3AA100D8CC7B /* RxSwift.framework in Frameworks */,
				9A2C80A01FFE3AA100D8CC7B /* RxCocoa.framework in Frameworks */,
				9A2C80A21FFE3AA100D8CC7B /* SwinjectStoryboard.framework in Frameworks */,
				9A2C80A31FFE3AA100D8CC7B /* RxBlocking.framework in Frameworks */,
				9A1785D01FFF88CB00009515 /* TwitterKit.framework in Frameworks */,
				9AF1D3382000F2330056DD6E /* TwitterShareExtensionUI.framework in Frameworks */,
				9AF1D33A200382D10056DD6E /* Alamofire.framework in Frameworks */,
				9AF1D33C2004F3F00056DD6E /* SwiftyJSON.framework in Frameworks */,
				9AF1D341200B3DEC0056DD6E /* ESPullToRefresh.framework in Frameworks */,
			);
			runOnlyForDeploymentPostprocessing = 0;
		};
/* End PBXFrameworksBuildPhase section */

/* Begin PBXGroup section */
		9A2C80761FFCF99400D8CC7B = {
			isa = PBXGroup;
			children = (
				9A2C80811FFCF99400D8CC7B /* MyTwitterClient */,
				9A2C80801FFCF99400D8CC7B /* Products */,
				9A2C80951FFE3AA100D8CC7B /* Frameworks */,
			);
			sourceTree = "<group>";
		};
		9A2C80801FFCF99400D8CC7B /* Products */ = {
			isa = PBXGroup;
			children = (
				9A2C807F1FFCF99400D8CC7B /* MyTwitterClient.app */,
			);
			name = Products;
			sourceTree = "<group>";
		};
		9A2C80811FFCF99400D8CC7B /* MyTwitterClient */ = {
			isa = PBXGroup;
			children = (
				9A2C80821FFCF99400D8CC7B /* AppDelegate.swift */,
				9A2C80861FFCF99400D8CC7B /* Main.storyboard */,
				9A2C80891FFCF99400D8CC7B /* Assets.xcassets */,
				9A2C808B1FFCF99400D8CC7B /* LaunchScreen.storyboard */,
				9A2C808E1FFCF99400D8CC7B /* Info.plist */,
				9AF1D3362000E4470056DD6E /* Twitter.plist */,
				B582FC3E27AFD1FD2ED951B2 /* Presentation */,
				B582FE9C0AABFE8085FFC9CB /* Application */,
				B582F9B065675EF82015E5D9 /* Infrastructure */,
				B582F44B830CCE7988B50496 /* Domain */,
				9AF1D33D200650D10056DD6E /* Storyvboard */,
			);
			path = MyTwitterClient;
			sourceTree = "<group>";
		};
		9A2C80951FFE3AA100D8CC7B /* Frameworks */ = {
			isa = PBXGroup;
			children = (
				9AF1D340200B3DEC0056DD6E /* ESPullToRefresh.framework */,
				9AF1D33B2004F3F00056DD6E /* SwiftyJSON.framework */,
				9AF1D339200382D10056DD6E /* Alamofire.framework */,
				9A1785CE1FFF88CA00009515 /* TwitterCore.framework */,
				9A1785CD1FFF88CA00009515 /* TwitterKit.framework */,
				9A1785CF1FFF88CB00009515 /* TwitterShareExtensionUI.framework */,
				9A2C809C1FFE3AA100D8CC7B /* RxBlocking.framework */,
				9A2C80991FFE3AA100D8CC7B /* RxCocoa.framework */,
				9A2C80981FFE3AA100D8CC7B /* RxSwift.framework */,
				9A2C809A1FFE3AA100D8CC7B /* RxTest.framework */,
				9A2C80961FFE3AA100D8CC7B /* Swinject.framework */,
				9A2C809B1FFE3AA100D8CC7B /* SwinjectStoryboard.framework */,
				9A2C80971FFE3AA100D8CC7B /* XLPagerTabStrip.framework */,
			);
			name = Frameworks;
			sourceTree = "<group>";
		};
		9AF1D33D200650D10056DD6E /* Storyvboard */ = {
			isa = PBXGroup;
			children = (
				9AF1D33E200650F60056DD6E /* Timeline.storyboard */,
				9A9DB8D920071352008E1AD1 /* TimelineCell.xib */,
			);
			path = Storyvboard;
			sourceTree = "<group>";
		};
		B582F360E7AB3AFA4CF9CB30 /* Session */ = {
			isa = PBXGroup;
			children = (
				B582F2A3AD98F2E8F1900EC0 /* SessionRepository.swift */,
				B582FCF676674105E3BFDB85 /* Session.swift */,
			);
			path = Session;
			sourceTree = "<group>";
		};
		B582F44B830CCE7988B50496 /* Domain */ = {
			isa = PBXGroup;
			children = (
				B582F360E7AB3AFA4CF9CB30 /* Session */,
				B582F543636C6EDB3C928D5E /* User */,
				B582F57D3ED9DA785D289138 /* Tweet */,
			);
			path = Domain;
			sourceTree = "<group>";
		};
		B582F543636C6EDB3C928D5E /* User */ = {
			isa = PBXGroup;
			children = (
				B582FA5749D5E90724741FFD /* User.swift */,
			);
			path = User;
			sourceTree = "<group>";
		};
		B582F572374D4285451F3E85 /* UseCase */ = {
			isa = PBXGroup;
			children = (
				B582F5F37681FADE35D0BC7C /* LoginUseCase.swift */,
				B582F01492F8BFDF9C3A4E26 /* GetHomeTimelineUseCase.swift */,
				B582FCEDA498EFCD2B13B42E /* LikeTweetUseCase.swift */,
				B582F850B30406F718880BC2 /* GetLatestTweetsUseCase.swift */,
			);
			path = UseCase;
			sourceTree = "<group>";
		};
		B582F57D3ED9DA785D289138 /* Tweet */ = {
			isa = PBXGroup;
			children = (
				B582F0E054FF7666B673E0E6 /* Tweet.swift */,
				B582F0EAAB5B464608A506E3 /* TweetRepository.swift */,
				B582FCA0BB5E787C93B1B197 /* Tweets.swift */,
			);
			path = Tweet;
			sourceTree = "<group>";
		};
		B582F6569EC6ABA64C0115D5 /* Twitter */ = {
			isa = PBXGroup;
			children = (
				B582F0DA204B07939136B89B /* TwitterKitSessionRepository.swift */,
				B582FA68611CB81802B0DAA9 /* TwitterKitTweetRepository.swift */,
				B582FD06D228BDF332887FA6 /* TwitterApiClient.swift */,
				B582FEDE4798933B0D9D1934 /* TwitterMapper.swift */,
			);
			path = Twitter;
			sourceTree = "<group>";
		};
		B582F670B6A8F281300000C9 /* Timeline */ = {
			isa = PBXGroup;
			children = (
				B582F48E239E3068129B9BBE /* TimelineViewController.swift */,
				B582F0B4DDE6A53A9DDA8954 /* TimelineViewModel.swift */,
				B582FC68704FA6CBC3A142C6 /* TimelineDataSource.swift */,
				B582F6E98576382F278A2E56 /* TimelineCell.swift */,
			);
			path = Timeline;
			sourceTree = "<group>";
		};
		B582F9B065675EF82015E5D9 /* Infrastructure */ = {
			isa = PBXGroup;
			children = (
				B582FDA1B8E250C702403484 /* Credentials */,
				B582F6569EC6ABA64C0115D5 /* Twitter */,
			);
			path = Infrastructure;
			sourceTree = "<group>";
		};
		B582FC3E27AFD1FD2ED951B2 /* Presentation */ = {
			isa = PBXGroup;
			children = (
				B582F670B6A8F281300000C9 /* Timeline */,
			);
			path = Presentation;
			sourceTree = "<group>";
		};
		B582FC8C191A2D121D10839F /* Dependency */ = {
			isa = PBXGroup;
			children = (
				B582F164E149664B8CFC1142 /* DependencyRegistry.swift */,
			);
			path = Dependency;
			sourceTree = "<group>";
		};
		B582FDA1B8E250C702403484 /* Credentials */ = {
			isa = PBXGroup;
			children = (
				B582F11BA5C1EF560E3AE9C1 /* ConsumerKeyPair.swift */,
			);
			path = Credentials;
			sourceTree = "<group>";
		};
		B582FE9C0AABFE8085FFC9CB /* Application */ = {
			isa = PBXGroup;
			children = (
				B582FC8C191A2D121D10839F /* Dependency */,
				B582F572374D4285451F3E85 /* UseCase */,
			);
			path = Application;
			sourceTree = "<group>";
		};
/* End PBXGroup section */

/* Begin PBXNativeTarget section */
		9A2C807E1FFCF99400D8CC7B /* MyTwitterClient */ = {
			isa = PBXNativeTarget;
			buildConfigurationList = 9A2C80911FFCF99400D8CC7B /* Build configuration list for PBXNativeTarget "MyTwitterClient" */;
			buildPhases = (
				9A2C807B1FFCF99400D8CC7B /* Sources */,
				9A2C807C1FFCF99400D8CC7B /* Frameworks */,
				9A2C807D1FFCF99400D8CC7B /* Resources */,
				9A2C80941FFE39EE00D8CC7B /* Carthage */,
			);
			buildRules = (
			);
			dependencies = (
			);
			name = MyTwitterClient;
			productName = MyTwitterClient;
			productReference = 9A2C807F1FFCF99400D8CC7B /* MyTwitterClient.app */;
			productType = "com.apple.product-type.application";
		};
/* End PBXNativeTarget section */

/* Begin PBXProject section */
		9A2C80771FFCF99400D8CC7B /* Project object */ = {
			isa = PBXProject;
			attributes = {
				LastSwiftUpdateCheck = 0920;
				LastUpgradeCheck = 0920;
				ORGANIZATIONNAME = "Cluster, Inc.";
				TargetAttributes = {
					9A2C807E1FFCF99400D8CC7B = {
						CreatedOnToolsVersion = 9.2;
						ProvisioningStyle = Automatic;
					};
				};
			};
			buildConfigurationList = 9A2C807A1FFCF99400D8CC7B /* Build configuration list for PBXProject "MyTwitterClient" */;
			compatibilityVersion = "Xcode 8.0";
			developmentRegion = en;
			hasScannedForEncodings = 0;
			knownRegions = (
				en,
				Base,
			);
			mainGroup = 9A2C80761FFCF99400D8CC7B;
			productRefGroup = 9A2C80801FFCF99400D8CC7B /* Products */;
			projectDirPath = "";
			projectRoot = "";
			targets = (
				9A2C807E1FFCF99400D8CC7B /* MyTwitterClient */,
			);
		};
/* End PBXProject section */

/* Begin PBXResourcesBuildPhase section */
		9A2C807D1FFCF99400D8CC7B /* Resources */ = {
			isa = PBXResourcesBuildPhase;
			buildActionMask = 2147483647;
			files = (
				9A2C808D1FFCF99400D8CC7B /* LaunchScreen.storyboard in Resources */,
				9A2C808A1FFCF99400D8CC7B /* Assets.xcassets in Resources */,
				9A9DB8DA20071352008E1AD1 /* TimelineCell.xib in Resources */,
				9AF1D33F200650F60056DD6E /* Timeline.storyboard in Resources */,
				9AF1D3372000E4470056DD6E /* Twitter.plist in Resources */,
				9A2C80881FFCF99400D8CC7B /* Main.storyboard in Resources */,
			);
			runOnlyForDeploymentPostprocessing = 0;
		};
/* End PBXResourcesBuildPhase section */

/* Begin PBXShellScriptBuildPhase section */
		9A2C80941FFE39EE00D8CC7B /* Carthage */ = {
			isa = PBXShellScriptBuildPhase;
			buildActionMask = 2147483647;
			files = (
			);
			inputPaths = (
				"$(SRCROOT)/Carthage/Build/iOS/RxBlocking.framework",
				"$(SRCROOT)/Carthage/Build/iOS/RxCocoa.framework",
				"$(SRCROOT)/Carthage/Build/iOS/RxSwift.framework",
				"$(SRCROOT)/Carthage/Build/iOS/Swinject.framework",
				"$(SRCROOT)/Carthage/Build/iOS/SwinjectStoryboard.framework",
				"$(SRCROOT)/Carthage/Build/iOS/XLPagerTabStrip.framework",
				"$(SRCROOT)/Carthage/Build/iOS/TwitterCore.framework",
				"$(SRCROOT)/Carthage/Build/iOS/TwitterKit.framework",
				"$(SRCROOT)/Carthage/Build/iOS/TwitterShareExtensionUI.framework",
				"$(SRCROOT)/Carthage/Build/iOS/Alamofire.framework",
				"$(SRCROOT)/Carthage/Build/iOS/SwiftyJSON.framework",
				"$(SRCROOT)/Carthage/Build/iOS/AlamofireImage.framework",
				"$(SRCROOT)/Carthage/Build/iOS/ESPullToRefresh.framework",
			);
			name = Carthage;
			outputPaths = (
			);
			runOnlyForDeploymentPostprocessing = 0;
			shellPath = /bin/sh;
			shellScript = "/usr/local/bin/carthage copy-frameworks";
		};
/* End PBXShellScriptBuildPhase section */

/* Begin PBXSourcesBuildPhase section */
		9A2C807B1FFCF99400D8CC7B /* Sources */ = {
			isa = PBXSourcesBuildPhase;
			buildActionMask = 2147483647;
			files = (
				9A2C80831FFCF99400D8CC7B /* AppDelegate.swift in Sources */,
				B582F497CC511304078845DE /* TimelineViewController.swift in Sources */,
				B582F9C6CAAD270C1BB6CA19 /* DependencyRegistry.swift in Sources */,
				B582F1C69DB93CA4478D8132 /* ConsumerKeyPair.swift in Sources */,
				B582F163128A28BF80FB8F66 /* TimelineViewModel.swift in Sources */,
				B582F3975960B35AD1FB59D8 /* LoginUseCase.swift in Sources */,
				B582F6592FA283593A6E8EDC /* SessionRepository.swift in Sources */,
				B582F7526C470865E187F1E3 /* Session.swift in Sources */,
				B582F07103AA91DC3563C532 /* TwitterKitSessionRepository.swift in Sources */,
				B582F509AF5C4CE0B610D615 /* Tweet.swift in Sources */,
				B582FCC76FE2F91F6F4CDDB4 /* User.swift in Sources */,
				B582FA860C1EAB578072E30E /* TweetRepository.swift in Sources */,
				B582FED62031D5CA399634BF /* Tweets.swift in Sources */,
				B582F258F969ACB22AF56579 /* TwitterKitTweetRepository.swift in Sources */,
				B582F0357627BDAC0AF805DC /* TwitterApiClient.swift in Sources */,
				B582FC8123D12F7AF5950AA2 /* GetHomeTimelineUseCase.swift in Sources */,
				B582F78D461579AF3A5A50D5 /* TwitterMapper.swift in Sources */,
				B582FF83D6CCE82BF7E26B3F /* TimelineDataSource.swift in Sources */,
				B582F496B2BDBA8BAFA27739 /* TimelineCell.swift in Sources */,
				B582F700EEA967BC0D7BBBA0 /* LikeTweetUseCase.swift in Sources */,
				B582F8B3104F3B4EE8E9A3E4 /* GetLatestTweetsUseCase.swift in Sources */,
			);
			runOnlyForDeploymentPostprocessing = 0;
		};
/* End PBXSourcesBuildPhase section */

/* Begin PBXVariantGroup section */
		9A2C80861FFCF99400D8CC7B /* Main.storyboard */ = {
			isa = PBXVariantGroup;
			children = (
				9A2C80871FFCF99400D8CC7B /* Base */,
			);
			name = Main.storyboard;
			sourceTree = "<group>";
		};
		9A2C808B1FFCF99400D8CC7B /* LaunchScreen.storyboard */ = {
			isa = PBXVariantGroup;
			children = (
				9A2C808C1FFCF99400D8CC7B /* Base */,
			);
			name = LaunchScreen.storyboard;
			sourceTree = "<group>";
		};
/* End PBXVariantGroup section */

/* Begin XCBuildConfiguration section */
		9A2C808F1FFCF99400D8CC7B /* Debug */ = {
			isa = XCBuildConfiguration;
			buildSettings = {
				ALWAYS_SEARCH_USER_PATHS = NO;
				CLANG_ANALYZER_NONNULL = YES;
				CLANG_ANALYZER_NUMBER_OBJECT_CONVERSION = YES_AGGRESSIVE;
				CLANG_CXX_LANGUAGE_STANDARD = "gnu++14";
				CLANG_CXX_LIBRARY = "libc++";
				CLANG_ENABLE_MODULES = YES;
				CLANG_ENABLE_OBJC_ARC = YES;
				CLANG_WARN_BLOCK_CAPTURE_AUTORELEASING = YES;
				CLANG_WARN_BOOL_CONVERSION = YES;
				CLANG_WARN_COMMA = YES;
				CLANG_WARN_CONSTANT_CONVERSION = YES;
				CLANG_WARN_DIRECT_OBJC_ISA_USAGE = YES_ERROR;
				CLANG_WARN_DOCUMENTATION_COMMENTS = YES;
				CLANG_WARN_EMPTY_BODY = YES;
				CLANG_WARN_ENUM_CONVERSION = YES;
				CLANG_WARN_INFINITE_RECURSION = YES;
				CLANG_WARN_INT_CONVERSION = YES;
				CLANG_WARN_NON_LITERAL_NULL_CONVERSION = YES;
				CLANG_WARN_OBJC_LITERAL_CONVERSION = YES;
				CLANG_WARN_OBJC_ROOT_CLASS = YES_ERROR;
				CLANG_WARN_RANGE_LOOP_ANALYSIS = YES;
				CLANG_WARN_STRICT_PROTOTYPES = YES;
				CLANG_WARN_SUSPICIOUS_MOVE = YES;
				CLANG_WARN_UNGUARDED_AVAILABILITY = YES_AGGRESSIVE;
				CLANG_WARN_UNREACHABLE_CODE = YES;
				CLANG_WARN__DUPLICATE_METHOD_MATCH = YES;
				CODE_SIGN_IDENTITY = "iPhone Developer";
				COPY_PHASE_STRIP = NO;
				DEBUG_INFORMATION_FORMAT = dwarf;
				ENABLE_STRICT_OBJC_MSGSEND = YES;
				ENABLE_TESTABILITY = YES;
				GCC_C_LANGUAGE_STANDARD = gnu11;
				GCC_DYNAMIC_NO_PIC = NO;
				GCC_NO_COMMON_BLOCKS = YES;
				GCC_OPTIMIZATION_LEVEL = 0;
				GCC_PREPROCESSOR_DEFINITIONS = (
					"DEBUG=1",
					"$(inherited)",
				);
				GCC_WARN_64_TO_32_BIT_CONVERSION = YES;
				GCC_WARN_ABOUT_RETURN_TYPE = YES_ERROR;
				GCC_WARN_UNDECLARED_SELECTOR = YES;
				GCC_WARN_UNINITIALIZED_AUTOS = YES_AGGRESSIVE;
				GCC_WARN_UNUSED_FUNCTION = YES;
				GCC_WARN_UNUSED_VARIABLE = YES;
				IPHONEOS_DEPLOYMENT_TARGET = 11.2;
				MTL_ENABLE_DEBUG_INFO = YES;
				ONLY_ACTIVE_ARCH = YES;
				SDKROOT = iphoneos;
				SWIFT_ACTIVE_COMPILATION_CONDITIONS = DEBUG;
				SWIFT_OPTIMIZATION_LEVEL = "-Onone";
			};
			name = Debug;
		};
		9A2C80901FFCF99400D8CC7B /* Release */ = {
			isa = XCBuildConfiguration;
			buildSettings = {
				ALWAYS_SEARCH_USER_PATHS = NO;
				CLANG_ANALYZER_NONNULL = YES;
				CLANG_ANALYZER_NUMBER_OBJECT_CONVERSION = YES_AGGRESSIVE;
				CLANG_CXX_LANGUAGE_STANDARD = "gnu++14";
				CLANG_CXX_LIBRARY = "libc++";
				CLANG_ENABLE_MODULES = YES;
				CLANG_ENABLE_OBJC_ARC = YES;
				CLANG_WARN_BLOCK_CAPTURE_AUTORELEASING = YES;
				CLANG_WARN_BOOL_CONVERSION = YES;
				CLANG_WARN_COMMA = YES;
				CLANG_WARN_CONSTANT_CONVERSION = YES;
				CLANG_WARN_DIRECT_OBJC_ISA_USAGE = YES_ERROR;
				CLANG_WARN_DOCUMENTATION_COMMENTS = YES;
				CLANG_WARN_EMPTY_BODY = YES;
				CLANG_WARN_ENUM_CONVERSION = YES;
				CLANG_WARN_INFINITE_RECURSION = YES;
				CLANG_WARN_INT_CONVERSION = YES;
				CLANG_WARN_NON_LITERAL_NULL_CONVERSION = YES;
				CLANG_WARN_OBJC_LITERAL_CONVERSION = YES;
				CLANG_WARN_OBJC_ROOT_CLASS = YES_ERROR;
				CLANG_WARN_RANGE_LOOP_ANALYSIS = YES;
				CLANG_WARN_STRICT_PROTOTYPES = YES;
				CLANG_WARN_SUSPICIOUS_MOVE = YES;
				CLANG_WARN_UNGUARDED_AVAILABILITY = YES_AGGRESSIVE;
				CLANG_WARN_UNREACHABLE_CODE = YES;
				CLANG_WARN__DUPLICATE_METHOD_MATCH = YES;
				CODE_SIGN_IDENTITY = "iPhone Developer";
				COPY_PHASE_STRIP = NO;
				DEBUG_INFORMATION_FORMAT = "dwarf-with-dsym";
				ENABLE_NS_ASSERTIONS = NO;
				ENABLE_STRICT_OBJC_MSGSEND = YES;
				GCC_C_LANGUAGE_STANDARD = gnu11;
				GCC_NO_COMMON_BLOCKS = YES;
				GCC_WARN_64_TO_32_BIT_CONVERSION = YES;
				GCC_WARN_ABOUT_RETURN_TYPE = YES_ERROR;
				GCC_WARN_UNDECLARED_SELECTOR = YES;
				GCC_WARN_UNINITIALIZED_AUTOS = YES_AGGRESSIVE;
				GCC_WARN_UNUSED_FUNCTION = YES;
				GCC_WARN_UNUSED_VARIABLE = YES;
				IPHONEOS_DEPLOYMENT_TARGET = 11.2;
				MTL_ENABLE_DEBUG_INFO = NO;
				SDKROOT = iphoneos;
				SWIFT_OPTIMIZATION_LEVEL = "-Owholemodule";
				VALIDATE_PRODUCT = YES;
			};
			name = Release;
		};
		9A2C80921FFCF99400D8CC7B /* Debug */ = {
			isa = XCBuildConfiguration;
			buildSettings = {
				ASSETCATALOG_COMPILER_APPICON_NAME = AppIcon;
				CODE_SIGN_STYLE = Automatic;
				DEVELOPMENT_TEAM = KSKQSTGSQP;
				FRAMEWORK_SEARCH_PATHS = (
					"$(inherited)",
					"$(PROJECT_DIR)/Carthage/Build/iOS",
				);
				INFOPLIST_FILE = MyTwitterClient/Info.plist;
				LD_RUNPATH_SEARCH_PATHS = "$(inherited) @executable_path/Frameworks";
				PRODUCT_BUNDLE_IDENTIFIER = info.mizoguche.mytwitterclient;
				PRODUCT_NAME = "$(TARGET_NAME)";
				SWIFT_TREAT_WARNINGS_AS_ERRORS = YES;
				SWIFT_VERSION = 4.0;
				TARGETED_DEVICE_FAMILY = "1,2";
			};
			name = Debug;
		};
		9A2C80931FFCF99400D8CC7B /* Release */ = {
			isa = XCBuildConfiguration;
			buildSettings = {
				ASSETCATALOG_COMPILER_APPICON_NAME = AppIcon;
				CODE_SIGN_STYLE = Automatic;
				DEVELOPMENT_TEAM = KSKQSTGSQP;
				FRAMEWORK_SEARCH_PATHS = (
					"$(inherited)",
					"$(PROJECT_DIR)/Carthage/Build/iOS",
				);
				INFOPLIST_FILE = MyTwitterClient/Info.plist;
				LD_RUNPATH_SEARCH_PATHS = "$(inherited) @executable_path/Frameworks";
				PRODUCT_BUNDLE_IDENTIFIER = info.mizoguche.mytwitterclient;
				PRODUCT_NAME = "$(TARGET_NAME)";
				SWIFT_TREAT_WARNINGS_AS_ERRORS = YES;
				SWIFT_VERSION = 4.0;
				TARGETED_DEVICE_FAMILY = "1,2";
			};
			name = Release;
		};
/* End XCBuildConfiguration section */

/* Begin XCConfigurationList section */
		9A2C807A1FFCF99400D8CC7B /* Build configuration list for PBXProject "MyTwitterClient" */ = {
			isa = XCConfigurationList;
			buildConfigurations = (
				9A2C808F1FFCF99400D8CC7B /* Debug */,
				9A2C80901FFCF99400D8CC7B /* Release */,
			);
			defaultConfigurationIsVisible = 0;
			defaultConfigurationName = Release;
		};
		9A2C80911FFCF99400D8CC7B /* Build configuration list for PBXNativeTarget "MyTwitterClient" */ = {
			isa = XCConfigurationList;
			buildConfigurations = (
				9A2C80921FFCF99400D8CC7B /* Debug */,
				9A2C80931FFCF99400D8CC7B /* Release */,
			);
			defaultConfigurationIsVisible = 0;
			defaultConfigurationName = Release;
		};
/* End XCConfigurationList section */
	};
	rootObject = 9A2C80771FFCF99400D8CC7B /* Project object */;
}
